
Microsoft Visual Studio Solution File, Format Version 12.00
# Visual Studio Version 17
VisualStudioVersion = 17.3.32901.215
MinimumVisualStudioVersion = 10.0.40219.1
Project("{2150E333-8FDC-42A3-9474-1A3956D46DE8}") = "src", "src", "{D3C39B7A-1F63-4CAD-BE62-6E8C9F37C01A}"
EndProject
Project("{2150E333-8FDC-42A3-9474-1A3956D46DE8}") = "Building Blocks", "Building Blocks", "{FE47C028-E29A-4628-AF99-5ABF6CA000A5}"
EndProject
Project("{2150E333-8FDC-42A3-9474-1A3956D46DE8}") = "Services", "Services", "{87EBE297-9316-4D17-A321-10D6CC671CB1}"
EndProject
Project("{2150E333-8FDC-42A3-9474-1A3956D46DE8}") = "Web", "Web", "{F2856A6B-BD86-4885-8440-FAF4A5A5B418}"
EndProject
Project("{2150E333-8FDC-42A3-9474-1A3956D46DE8}") = "Identity", "Identity", "{0438291B-A242-4D2B-A2AF-8F892BD767E3}"
EndProject
Project("{2150E333-8FDC-42A3-9474-1A3956D46DE8}") = "MVC", "MVC", "{C2149E2B-9E98-49C7-8D9A-27E8238DA06D}"
EndProject
Project("{2150E333-8FDC-42A3-9474-1A3956D46DE8}") = "Core", "Core", "{46E4599D-373F-4BE6-8864-6C8810225999}"
EndProject
Project("{9A19103F-16F7-4668-BE54-9A1E7A4F7556}") = "NSE.Core", "src\building blocks\NSE.Core\NSE.Core.csproj", "{85ADD70A-32FD-455F-A8CB-BE7F19FFEB20}"
EndProject
Project("{2150E333-8FDC-42A3-9474-1A3956D46DE8}") = "ShoppingCart", "ShoppingCart", "{7DC6BEFA-9C0E-4F9E-8A05-12FE8FD57190}"
EndProject
Project("{2150E333-8FDC-42A3-9474-1A3956D46DE8}") = "Catalog", "Catalog", "{8FAB5BFB-DAC1-4763-BD53-E0F7EAF768F0}"
EndProject
Project("{2150E333-8FDC-42A3-9474-1A3956D46DE8}") = "Client", "Client", "{A2C1991A-5648-4BD9-B6F3-CE909942634B}"
EndProject
Project("{2150E333-8FDC-42A3-9474-1A3956D46DE8}") = "Payment", "Payment", "{C954EA2B-CB57-4797-AE86-D944B8B472F3}"
EndProject
Project("{2150E333-8FDC-42A3-9474-1A3956D46DE8}") = "Order", "Order", "{3AA4ABD1-2AA6-47CC-BF98-BE480428ECB2}"
EndProject
Project("{9A19103F-16F7-4668-BE54-9A1E7A4F7556}") = "NSE.Catalog.API", "src\services\NSE.Catalog.API\NSE.Catalog.API.csproj", "{09A9E7B6-3E0A-499E-B895-40DB1821591C}"
EndProject
Project("{9A19103F-16F7-4668-BE54-9A1E7A4F7556}") = "NSE.Client.API", "src\services\NSE.Client.API\NSE.Client.API.csproj", "{E9931E04-2CAC-4F62-8F28-59F6739BDB3E}"
EndProject
Project("{9A19103F-16F7-4668-BE54-9A1E7A4F7556}") = "NSE.Order.API", "src\services\NSE.Order.API\NSE.Order.API.csproj", "{8193BBCB-CE9A-4A73-9E02-ADBB6C26BC61}"
EndProject
Project("{9A19103F-16F7-4668-BE54-9A1E7A4F7556}") = "NSE.ShoppingCart.API", "src\services\NSE.ShoppingCart.API\NSE.ShoppingCart.API.csproj", "{C16E81FC-2EED-4F1E-8D27-BDFFC26E826C}"
EndProject
Project("{9A19103F-16F7-4668-BE54-9A1E7A4F7556}") = "NSE.Payment.API", "src\services\NSE.Payment.API\NSE.Payment.API.csproj", "{3625B9D1-CBA2-4C7E-B291-BD0C5AA8688D}"
EndProject
Project("{9A19103F-16F7-4668-BE54-9A1E7A4F7556}") = "NSE.Identities.API", "src\services\NSE.Identities.API\NSE.Identities.API.csproj", "{5AD6506E-60E1-4080-8861-563FFCF9981E}"
EndProject
Project("{2150E333-8FDC-42A3-9474-1A3956D46DE8}") = "Services", "Services", "{BA8CD504-E3B0-4B49-9B9E-289114781FC8}"
EndProject
Project("{9A19103F-16F7-4668-BE54-9A1E7A4F7556}") = "NSE.WebAPI.Core", "src\building blocks\NSE.WebAPI.Core\NSE.WebAPI.Core.csproj", "{5D864FE6-C5AB-441A-90F8-D4879017890B}"
EndProject
Project("{9A19103F-16F7-4668-BE54-9A1E7A4F7556}") = "NSE.WebApp.MVC", "src\web\NSE.WebApp.MVC\NSE.WebApp.MVC.csproj", "{B6B7AA03-11EB-4134-8004-2FAD7313F43F}"
EndProject
Project("{2150E333-8FDC-42A3-9474-1A3956D46DE8}") = "MessageBus", "MessageBus", "{BD3C0A67-DF47-404C-9644-194146EC76B3}"
EndProject
Project("{FAE04EC0-301F-11D3-BF4B-00C04F79EFBC}") = "NSE.MessageBus", "src\building blocks\NSE.MessageBus\NSE.MessageBus.csproj", "{EAB19BCF-E8C2-4180-A893-8E7C3C8DF011}"
EndProject
Global
	GlobalSection(SolutionConfigurationPlatforms) = preSolution
		Debug|Any CPU = Debug|Any CPU
		Release|Any CPU = Release|Any CPU
	EndGlobalSection
	GlobalSection(ProjectConfigurationPlatforms) = postSolution
		{85ADD70A-32FD-455F-A8CB-BE7F19FFEB20}.Debug|Any CPU.ActiveCfg = Debug|Any CPU
		{85ADD70A-32FD-455F-A8CB-BE7F19FFEB20}.Debug|Any CPU.Build.0 = Debug|Any CPU
		{85ADD70A-32FD-455F-A8CB-BE7F19FFEB20}.Release|Any CPU.ActiveCfg = Release|Any CPU
		{85ADD70A-32FD-455F-A8CB-BE7F19FFEB20}.Release|Any CPU.Build.0 = Release|Any CPU
		{09A9E7B6-3E0A-499E-B895-40DB1821591C}.Debug|Any CPU.ActiveCfg = Debug|Any CPU
		{09A9E7B6-3E0A-499E-B895-40DB1821591C}.Debug|Any CPU.Build.0 = Debug|Any CPU
		{09A9E7B6-3E0A-499E-B895-40DB1821591C}.Release|Any CPU.ActiveCfg = Release|Any CPU
		{09A9E7B6-3E0A-499E-B895-40DB1821591C}.Release|Any CPU.Build.0 = Release|Any CPU
		{E9931E04-2CAC-4F62-8F28-59F6739BDB3E}.Debug|Any CPU.ActiveCfg = Debug|Any CPU
		{E9931E04-2CAC-4F62-8F28-59F6739BDB3E}.Debug|Any CPU.Build.0 = Debug|Any CPU
		{E9931E04-2CAC-4F62-8F28-59F6739BDB3E}.Release|Any CPU.ActiveCfg = Release|Any CPU
		{E9931E04-2CAC-4F62-8F28-59F6739BDB3E}.Release|Any CPU.Build.0 = Release|Any CPU
		{8193BBCB-CE9A-4A73-9E02-ADBB6C26BC61}.Debug|Any CPU.ActiveCfg = Debug|Any CPU
		{8193BBCB-CE9A-4A73-9E02-ADBB6C26BC61}.Debug|Any CPU.Build.0 = Debug|Any CPU
		{8193BBCB-CE9A-4A73-9E02-ADBB6C26BC61}.Release|Any CPU.ActiveCfg = Release|Any CPU
		{8193BBCB-CE9A-4A73-9E02-ADBB6C26BC61}.Release|Any CPU.Build.0 = Release|Any CPU
		{C16E81FC-2EED-4F1E-8D27-BDFFC26E826C}.Debug|Any CPU.ActiveCfg = Debug|Any CPU
		{C16E81FC-2EED-4F1E-8D27-BDFFC26E826C}.Debug|Any CPU.Build.0 = Debug|Any CPU
		{C16E81FC-2EED-4F1E-8D27-BDFFC26E826C}.Release|Any CPU.ActiveCfg = Release|Any CPU
		{C16E81FC-2EED-4F1E-8D27-BDFFC26E826C}.Release|Any CPU.Build.0 = Release|Any CPU
		{3625B9D1-CBA2-4C7E-B291-BD0C5AA8688D}.Debug|Any CPU.ActiveCfg = Debug|Any CPU
		{3625B9D1-CBA2-4C7E-B291-BD0C5AA8688D}.Debug|Any CPU.Build.0 = Debug|Any CPU
		{3625B9D1-CBA2-4C7E-B291-BD0C5AA8688D}.Release|Any CPU.ActiveCfg = Release|Any CPU
		{3625B9D1-CBA2-4C7E-B291-BD0C5AA8688D}.Release|Any CPU.Build.0 = Release|Any CPU
		{5AD6506E-60E1-4080-8861-563FFCF9981E}.Debug|Any CPU.ActiveCfg = Debug|Any CPU
		{5AD6506E-60E1-4080-8861-563FFCF9981E}.Debug|Any CPU.Build.0 = Debug|Any CPU
		{5AD6506E-60E1-4080-8861-563FFCF9981E}.Release|Any CPU.ActiveCfg = Release|Any CPU
		{5AD6506E-60E1-4080-8861-563FFCF9981E}.Release|Any CPU.Build.0 = Release|Any CPU
		{5D864FE6-C5AB-441A-90F8-D4879017890B}.Debug|Any CPU.ActiveCfg = Debug|Any CPU
		{5D864FE6-C5AB-441A-90F8-D4879017890B}.Debug|Any CPU.Build.0 = Debug|Any CPU
		{5D864FE6-C5AB-441A-90F8-D4879017890B}.Release|Any CPU.ActiveCfg = Release|Any CPU
		{5D864FE6-C5AB-441A-90F8-D4879017890B}.Release|Any CPU.Build.0 = Release|Any CPU
		{B6B7AA03-11EB-4134-8004-2FAD7313F43F}.Debug|Any CPU.ActiveCfg = Debug|Any CPU
		{B6B7AA03-11EB-4134-8004-2FAD7313F43F}.Debug|Any CPU.Build.0 = Debug|Any CPU
		{B6B7AA03-11EB-4134-8004-2FAD7313F43F}.Release|Any CPU.ActiveCfg = Release|Any CPU
		{B6B7AA03-11EB-4134-8004-2FAD7313F43F}.Release|Any CPU.Build.0 = Release|Any CPU
		{EAB19BCF-E8C2-4180-A893-8E7C3C8DF011}.Debug|Any CPU.ActiveCfg = Debug|Any CPU
		{EAB19BCF-E8C2-4180-A893-8E7C3C8DF011}.Debug|Any CPU.Build.0 = Debug|Any CPU
		{EAB19BCF-E8C2-4180-A893-8E7C3C8DF011}.Release|Any CPU.ActiveCfg = Release|Any CPU
		{EAB19BCF-E8C2-4180-A893-8E7C3C8DF011}.Release|Any CPU.Build.0 = Release|Any CPU
	EndGlobalSection
	GlobalSection(SolutionProperties) = preSolution
		HideSolutionNode = FALSE
	EndGlobalSection
	GlobalSection(NestedProjects) = preSolution
		{FE47C028-E29A-4628-AF99-5ABF6CA000A5} = {D3C39B7A-1F63-4CAD-BE62-6E8C9F37C01A}
		{87EBE297-9316-4D17-A321-10D6CC671CB1} = {D3C39B7A-1F63-4CAD-BE62-6E8C9F37C01A}
		{F2856A6B-BD86-4885-8440-FAF4A5A5B418} = {D3C39B7A-1F63-4CAD-BE62-6E8C9F37C01A}
		{0438291B-A242-4D2B-A2AF-8F892BD767E3} = {87EBE297-9316-4D17-A321-10D6CC671CB1}
		{C2149E2B-9E98-49C7-8D9A-27E8238DA06D} = {F2856A6B-BD86-4885-8440-FAF4A5A5B418}
		{46E4599D-373F-4BE6-8864-6C8810225999} = {FE47C028-E29A-4628-AF99-5ABF6CA000A5}
		{85ADD70A-32FD-455F-A8CB-BE7F19FFEB20} = {46E4599D-373F-4BE6-8864-6C8810225999}
		{7DC6BEFA-9C0E-4F9E-8A05-12FE8FD57190} = {87EBE297-9316-4D17-A321-10D6CC671CB1}
		{8FAB5BFB-DAC1-4763-BD53-E0F7EAF768F0} = {87EBE297-9316-4D17-A321-10D6CC671CB1}
		{A2C1991A-5648-4BD9-B6F3-CE909942634B} = {87EBE297-9316-4D17-A321-10D6CC671CB1}
		{C954EA2B-CB57-4797-AE86-D944B8B472F3} = {87EBE297-9316-4D17-A321-10D6CC671CB1}
		{3AA4ABD1-2AA6-47CC-BF98-BE480428ECB2} = {87EBE297-9316-4D17-A321-10D6CC671CB1}
		{09A9E7B6-3E0A-499E-B895-40DB1821591C} = {8FAB5BFB-DAC1-4763-BD53-E0F7EAF768F0}
		{E9931E04-2CAC-4F62-8F28-59F6739BDB3E} = {A2C1991A-5648-4BD9-B6F3-CE909942634B}
		{8193BBCB-CE9A-4A73-9E02-ADBB6C26BC61} = {3AA4ABD1-2AA6-47CC-BF98-BE480428ECB2}
		{C16E81FC-2EED-4F1E-8D27-BDFFC26E826C} = {7DC6BEFA-9C0E-4F9E-8A05-12FE8FD57190}
		{3625B9D1-CBA2-4C7E-B291-BD0C5AA8688D} = {C954EA2B-CB57-4797-AE86-D944B8B472F3}
		{5AD6506E-60E1-4080-8861-563FFCF9981E} = {0438291B-A242-4D2B-A2AF-8F892BD767E3}
		{BA8CD504-E3B0-4B49-9B9E-289114781FC8} = {FE47C028-E29A-4628-AF99-5ABF6CA000A5}
		{5D864FE6-C5AB-441A-90F8-D4879017890B} = {BA8CD504-E3B0-4B49-9B9E-289114781FC8}
		{B6B7AA03-11EB-4134-8004-2FAD7313F43F} = {C2149E2B-9E98-49C7-8D9A-27E8238DA06D}
		{BD3C0A67-DF47-404C-9644-194146EC76B3} = {FE47C028-E29A-4628-AF99-5ABF6CA000A5}
		{EAB19BCF-E8C2-4180-A893-8E7C3C8DF011} = {BD3C0A67-DF47-404C-9644-194146EC76B3}
	EndGlobalSection
	GlobalSection(ExtensibilityGlobals) = postSolution
		SolutionGuid = {2335EAB7-3D1D-4F8E-BDAA-B20D17340051}
	EndGlobalSection
EndGlobal
